
Microsoft Visual Studio Solution File, Format Version 12.00
# Visual Studio Version 17
VisualStudioVersion = 17.0.32112.339
MinimumVisualStudioVersion = 10.0.40219.1
Project("{9A19103F-16F7-4668-BE54-9A1E7A4F7556}") = "ML", "ML.csproj", "{FB1F6099-18F2-451B-9224-6B1046329B19}"
EndProject
Project("{9A19103F-16F7-4668-BE54-9A1E7A4F7556}") = "SG", "..\SG\SG.csproj", "{E823DB65-3F65-4595-9C47-84F8E389A329}"
EndProject
Project("{8BC9CEB8-8B4A-11D0-8D11-00A0C91BC942}") = "MlLib", "..\MlLib\MlLib.vcxproj", "{FF501356-6EA4-4FDC-8267-9C2F3A1F417C}"
EndProject
Project("{8BC9CEB8-8B4A-11D0-8D11-00A0C91BC942}") = "UnitTestMiLib", "..\UnitTestMiLib\UnitTestMiLib.vcxproj", "{835A6B67-678F-4FEC-8DCD-6FE913B05AB4}"
EndProject
Global
	GlobalSection(SolutionConfigurationPlatforms) = preSolution
		Debug|Any CPU = Debug|Any CPU
		Debug|x64 = Debug|x64
		Debug|x86 = Debug|x86
		Release|Any CPU = Release|Any CPU
		Release|x64 = Release|x64
		Release|x86 = Release|x86
	EndGlobalSection
	GlobalSection(ProjectConfigurationPlatforms) = postSolution
		{FB1F6099-18F2-451B-9224-6B1046329B19}.Debug|Any CPU.ActiveCfg = Debug|Any CPU
		{FB1F6099-18F2-451B-9224-6B1046329B19}.Debug|Any CPU.Build.0 = Debug|Any CPU
		{FB1F6099-18F2-451B-9224-6B1046329B19}.Debug|x64.ActiveCfg = Debug|Any CPU
		{FB1F6099-18F2-451B-9224-6B1046329B19}.Debug|x64.Build.0 = Debug|Any CPU
		{FB1F6099-18F2-451B-9224-6B1046329B19}.Debug|x86.ActiveCfg = Debug|Any CPU
		{FB1F6099-18F2-451B-9224-6B1046329B19}.Debug|x86.Build.0 = Debug|Any CPU
		{FB1F6099-18F2-451B-9224-6B1046329B19}.Release|Any CPU.ActiveCfg = Release|Any CPU
		{FB1F6099-18F2-451B-9224-6B1046329B19}.Release|Any CPU.Build.0 = Release|Any CPU
		{FB1F6099-18F2-451B-9224-6B1046329B19}.Release|x64.ActiveCfg = Release|Any CPU
		{FB1F6099-18F2-451B-9224-6B1046329B19}.Release|x64.Build.0 = Release|Any CPU
		{FB1F6099-18F2-451B-9224-6B1046329B19}.Release|x86.ActiveCfg = Release|Any CPU
		{FB1F6099-18F2-451B-9224-6B1046329B19}.Release|x86.Build.0 = Release|Any CPU
		{E823DB65-3F65-4595-9C47-84F8E389A329}.Debug|Any CPU.ActiveCfg = Debug|Any CPU
		{E823DB65-3F65-4595-9C47-84F8E389A329}.Debug|Any CPU.Build.0 = Debug|Any CPU
		{E823DB65-3F65-4595-9C47-84F8E389A329}.Debug|x64.ActiveCfg = Debug|Any CPU
		{E823DB65-3F65-4595-9C47-84F8E389A329}.Debug|x64.Build.0 = Debug|Any CPU
		{E823DB65-3F65-4595-9C47-84F8E389A329}.Debug|x86.ActiveCfg = Debug|Any CPU
		{E823DB65-3F65-4595-9C47-84F8E389A329}.Debug|x86.Build.0 = Debug|Any CPU
		{E823DB65-3F65-4595-9C47-84F8E389A329}.Release|Any CPU.ActiveCfg = Release|Any CPU
		{E823DB65-3F65-4595-9C47-84F8E389A329}.Release|Any CPU.Build.0 = Release|Any CPU
		{E823DB65-3F65-4595-9C47-84F8E389A329}.Release|x64.ActiveCfg = Release|Any CPU
		{E823DB65-3F65-4595-9C47-84F8E389A329}.Release|x64.Build.0 = Release|Any CPU
		{E823DB65-3F65-4595-9C47-84F8E389A329}.Release|x86.ActiveCfg = Release|Any CPU
		{E823DB65-3F65-4595-9C47-84F8E389A329}.Release|x86.Build.0 = Release|Any CPU
		{FF501356-6EA4-4FDC-8267-9C2F3A1F417C}.Debug|Any CPU.ActiveCfg = Debug|Win32
		{FF501356-6EA4-4FDC-8267-9C2F3A1F417C}.Debug|Any CPU.Build.0 = Debug|Win32
		{FF501356-6EA4-4FDC-8267-9C2F3A1F417C}.Debug|x64.ActiveCfg = Debug|x64
		{FF501356-6EA4-4FDC-8267-9C2F3A1F417C}.Debug|x64.Build.0 = Debug|x64
		{FF501356-6EA4-4FDC-8267-9C2F3A1F417C}.Debug|x86.ActiveCfg = Debug|Win32
		{FF501356-6EA4-4FDC-8267-9C2F3A1F417C}.Debug|x86.Build.0 = Debug|Win32
		{FF501356-6EA4-4FDC-8267-9C2F3A1F417C}.Release|Any CPU.ActiveCfg = Release|x64
		{FF501356-6EA4-4FDC-8267-9C2F3A1F417C}.Release|Any CPU.Build.0 = Release|x64
		{FF501356-6EA4-4FDC-8267-9C2F3A1F417C}.Release|x64.ActiveCfg = Release|x64
		{FF501356-6EA4-4FDC-8267-9C2F3A1F417C}.Release|x64.Build.0 = Release|x64
		{FF501356-6EA4-4FDC-8267-9C2F3A1F417C}.Release|x86.ActiveCfg = Release|Win32
		{FF501356-6EA4-4FDC-8267-9C2F3A1F417C}.Release|x86.Build.0 = Release|Win32
		{835A6B67-678F-4FEC-8DCD-6FE913B05AB4}.Debug|Any CPU.ActiveCfg = Debug|x64
		{835A6B67-678F-4FEC-8DCD-6FE913B05AB4}.Debug|Any CPU.Build.0 = Debug|x64
		{835A6B67-678F-4FEC-8DCD-6FE913B05AB4}.Debug|x64.ActiveCfg = Debug|x64
		{835A6B67-678F-4FEC-8DCD-6FE913B05AB4}.Debug|x64.Build.0 = Debug|x64
		{835A6B67-678F-4FEC-8DCD-6FE913B05AB4}.Debug|x86.ActiveCfg = Debug|Win32
		{835A6B67-678F-4FEC-8DCD-6FE913B05AB4}.Debug|x86.Build.0 = Debug|Win32
		{835A6B67-678F-4FEC-8DCD-6FE913B05AB4}.Release|Any CPU.ActiveCfg = Release|x64
		{835A6B67-678F-4FEC-8DCD-6FE913B05AB4}.Release|Any CPU.Build.0 = Release|x64
		{835A6B67-678F-4FEC-8DCD-6FE913B05AB4}.Release|x64.ActiveCfg = Release|x64
		{835A6B67-678F-4FEC-8DCD-6FE913B05AB4}.Release|x64.Build.0 = Release|x64
		{835A6B67-678F-4FEC-8DCD-6FE913B05AB4}.Release|x86.ActiveCfg = Release|Win32
		{835A6B67-678F-4FEC-8DCD-6FE913B05AB4}.Release|x86.Build.0 = Release|Win32
	EndGlobalSection
	GlobalSection(SolutionProperties) = preSolution
		HideSolutionNode = FALSE
	EndGlobalSection
	GlobalSection(ExtensibilityGlobals) = postSolution
		SolutionGuid = {9B8180EC-6F6E-4ED0-9BFA-F0CBBE362816}
	EndGlobalSection
EndGlobal
